// !$*UTF8*$!
{
	archiveVersion = 1;
	classes = {
	};
	objectVersion = 46;
	objects = {

/* Begin PBXBuildFile section */
		41B656821C51CFB500ADBD8C /* main.m in Sources */ = {isa = PBXBuildFile; fileRef = 41B656811C51CFB500ADBD8C /* main.m */; };
		41B656851C51CFB500ADBD8C /* AppDelegate.m in Sources */ = {isa = PBXBuildFile; fileRef = 41B656841C51CFB500ADBD8C /* AppDelegate.m */; };
		41B656881C51CFB500ADBD8C /* ViewController.m in Sources */ = {isa = PBXBuildFile; fileRef = 41B656871C51CFB500ADBD8C /* ViewController.m */; };
		41B6568B1C51CFB500ADBD8C /* Main.storyboard in Resources */ = {isa = PBXBuildFile; fileRef = 41B656891C51CFB500ADBD8C /* Main.storyboard */; };
		41B6568D1C51CFB500ADBD8C /* Assets.xcassets in Resources */ = {isa = PBXBuildFile; fileRef = 41B6568C1C51CFB500ADBD8C /* Assets.xcassets */; };
		41B656901C51CFB500ADBD8C /* LaunchScreen.storyboard in Resources */ = {isa = PBXBuildFile; fileRef = 41B6568E1C51CFB500ADBD8C /* LaunchScreen.storyboard */; };
		41B6569B1C51CFB500ADBD8C /* BusInfoTests.m in Sources */ = {isa = PBXBuildFile; fileRef = 41B6569A1C51CFB500ADBD8C /* BusInfoTests.m */; };
		41B656A61C51CFB500ADBD8C /* BusInfoUITests.m in Sources */ = {isa = PBXBuildFile; fileRef = 41B656A51C51CFB500ADBD8C /* BusInfoUITests.m */; };
/* End PBXBuildFile section */

/* Begin PBXContainerItemProxy section */
		41B656971C51CFB500ADBD8C /* PBXContainerItemProxy */ = {
			isa = PBXContainerItemProxy;
			containerPortal = 41B656751C51CFB500ADBD8C /* Project object */;
			proxyType = 1;
			remoteGlobalIDString = 41B6567C1C51CFB500ADBD8C;
			remoteInfo = BusInfo;
		};
		41B656A21C51CFB500ADBD8C /* PBXContainerItemProxy */ = {
			isa = PBXContainerItemProxy;
			containerPortal = 41B656751C51CFB500ADBD8C /* Project object */;
			proxyType = 1;
			remoteGlobalIDString = 41B6567C1C51CFB500ADBD8C;
			remoteInfo = BusInfo;
		};
/* End PBXContainerItemProxy section */

/* Begin PBXFileReference section */
		41B6567D1C51CFB500ADBD8C /* BusInfo.app */ = {isa = PBXFileReference; explicitFileType = wrapper.application; includeInIndex = 0; path = BusInfo.app; sourceTree = BUILT_PRODUCTS_DIR; };
		41B656811C51CFB500ADBD8C /* main.m */ = {isa = PBXFileReference; lastKnownFileType = sourcecode.c.objc; path = main.m; sourceTree = "<group>"; };
		41B656831C51CFB500ADBD8C /* AppDelegate.h */ = {isa = PBXFileReference; lastKnownFileType = sourcecode.c.h; path = AppDelegate.h; sourceTree = "<group>"; };
		41B656841C51CFB500ADBD8C /* AppDelegate.m */ = {isa = PBXFileReference; lastKnownFileType = sourcecode.c.objc; path = AppDelegate.m; sourceTree = "<group>"; };
		41B656861C51CFB500ADBD8C /* ViewController.h */ = {isa = PBXFileReference; lastKnownFileType = sourcecode.c.h; path = ViewController.h; sourceTree = "<group>"; };
		41B656871C51CFB500ADBD8C /* ViewController.m */ = {isa = PBXFileReference; lastKnownFileType = sourcecode.c.objc; path = ViewController.m; sourceTree = "<group>"; };
		41B6568A1C51CFB500ADBD8C /* Base */ = {isa = PBXFileReference; lastKnownFileType = file.storyboard; name = Base; path = Base.lproj/Main.storyboard; sourceTree = "<group>"; };
		41B6568C1C51CFB500ADBD8C /* Assets.xcassets */ = {isa = PBXFileReference; lastKnownFileType = folder.assetcatalog; path = Assets.xcassets; sourceTree = "<group>"; };
		41B6568F1C51CFB500ADBD8C /* Base */ = {isa = PBXFileReference; lastKnownFileType = file.storyboard; name = Base; path = Base.lproj/LaunchScreen.storyboard; sourceTree = "<group>"; };
		41B656911C51CFB500ADBD8C /* Info.plist */ = {isa = PBXFileReference; lastKnownFileType = text.plist.xml; path = Info.plist; sourceTree = "<group>"; };
		41B656961C51CFB500ADBD8C /* BusInfoTests.xctest */ = {isa = PBXFileReference; explicitFileType = wrapper.cfbundle; includeInIndex = 0; path = BusInfoTests.xctest; sourceTree = BUILT_PRODUCTS_DIR; };
		41B6569A1C51CFB500ADBD8C /* BusInfoTests.m */ = {isa = PBXFileReference; lastKnownFileType = sourcecode.c.objc; path = BusInfoTests.m; sourceTree = "<group>"; };
		41B6569C1C51CFB500ADBD8C /* Info.plist */ = {isa = PBXFileReference; lastKnownFileType = text.plist.xml; path = Info.plist; sourceTree = "<group>"; };
		41B656A11C51CFB500ADBD8C /* BusInfoUITests.xctest */ = {isa = PBXFileReference; explicitFileType = wrapper.cfbundle; includeInIndex = 0; path = BusInfoUITests.xctest; sourceTree = BUILT_PRODUCTS_DIR; };
		41B656A51C51CFB500ADBD8C /* BusInfoUITests.m */ = {isa = PBXFileReference; lastKnownFileType = sourcecode.c.objc; path = BusInfoUITests.m; sourceTree = "<group>"; };
		41B656A71C51CFB500ADBD8C /* Info.plist */ = {isa = PBXFileReference; lastKnownFileType = text.plist.xml; path = Info.plist; sourceTree = "<group>"; };
/* End PBXFileReference section */

/* Begin PBXFrameworksBuildPhase section */
		41B6567A1C51CFB500ADBD8C /* Frameworks */ = {
			isa = PBXFrameworksBuildPhase;
			buildActionMask = 2147483647;
			files = (
			);
			runOnlyForDeploymentPostprocessing = 0;
		};
		41B656931C51CFB500ADBD8C /* Frameworks */ = {
			isa = PBXFrameworksBuildPhase;
			buildActionMask = 2147483647;
			files = (
			);
			runOnlyForDeploymentPostprocessing = 0;
		};
		41B6569E1C51CFB500ADBD8C /* Frameworks */ = {
			isa = PBXFrameworksBuildPhase;
			buildActionMask = 2147483647;
			files = (
			);
			runOnlyForDeploymentPostprocessing = 0;
		};
/* End PBXFrameworksBuildPhase section */

/* Begin PBXGroup section */
		41B656741C51CFB500ADBD8C = {
			isa = PBXGroup;
			children = (
				41B6567F1C51CFB500ADBD8C /* BusInfo */,
				41B656991C51CFB500ADBD8C /* BusInfoTests */,
				41B656A41C51CFB500ADBD8C /* BusInfoUITests */,
				41B6567E1C51CFB500ADBD8C /* Products */,
			);
			sourceTree = "<group>";
		};
		41B6567E1C51CFB500ADBD8C /* Products */ = {
			isa = PBXGroup;
			children = (
				41B6567D1C51CFB500ADBD8C /* BusInfo.app */,
				41B656961C51CFB500ADBD8C /* BusInfoTests.xctest */,
				41B656A11C51CFB500ADBD8C /* BusInfoUITests.xctest */,
			);
			name = Products;
			sourceTree = "<group>";
		};
		41B6567F1C51CFB500ADBD8C /* BusInfo */ = {
			isa = PBXGroup;
			children = (
				41B656831C51CFB500ADBD8C /* AppDelegate.h */,
				41B656841C51CFB500ADBD8C /* AppDelegate.m */,
				41B656861C51CFB500ADBD8C /* ViewController.h */,
				41B656871C51CFB500ADBD8C /* ViewController.m */,
				41B656891C51CFB500ADBD8C /* Main.storyboard */,
				41B6568C1C51CFB500ADBD8C /* Assets.xcassets */,
				41B6568E1C51CFB500ADBD8C /* LaunchScreen.storyboard */,
				41B656911C51CFB500ADBD8C /* Info.plist */,
				41B656801C51CFB500ADBD8C /* Supporting Files */,
			);
			path = BusInfo;
			sourceTree = "<group>";
		};
		41B656801C51CFB500ADBD8C /* Supporting Files */ = {
			isa = PBXGroup;
			children = (
				41B656811C51CFB500ADBD8C /* main.m */,
			);
			name = "Supporting Files";
			sourceTree = "<group>";
		};
		41B656991C51CFB500ADBD8C /* BusInfoTests */ = {
			isa = PBXGroup;
			children = (
				41B6569A1C51CFB500ADBD8C /* BusInfoTests.m */,
				41B6569C1C51CFB500ADBD8C /* Info.plist */,
			);
			path = BusInfoTests;
			sourceTree = "<group>";
		};
		41B656A41C51CFB500ADBD8C /* BusInfoUITests */ = {
			isa = PBXGroup;
			children = (
				41B656A51C51CFB500ADBD8C /* BusInfoUITests.m */,
				41B656A71C51CFB500ADBD8C /* Info.plist */,
			);
			path = BusInfoUITests;
			sourceTree = "<group>";
		};
/* End PBXGroup section */

/* Begin PBXNativeTarget section */
		41B6567C1C51CFB500ADBD8C /* BusInfo */ = {
			isa = PBXNativeTarget;
			buildConfigurationList = 41B656AA1C51CFB500ADBD8C /* Build configuration list for PBXNativeTarget "BusInfo" */;
			buildPhases = (
				41B656791C51CFB500ADBD8C /* Sources */,
				41B6567A1C51CFB500ADBD8C /* Frameworks */,
				41B6567B1C51CFB500ADBD8C /* Resources */,
			);
			buildRules = (
			);
			dependencies = (
			);
			name = BusInfo;
			productName = BusInfo;
			productReference = 41B6567D1C51CFB500ADBD8C /* BusInfo.app */;
			productType = "com.apple.product-type.application";
		};
		41B656951C51CFB500ADBD8C /* BusInfoTests */ = {
			isa = PBXNativeTarget;
			buildConfigurationList = 41B656AD1C51CFB500ADBD8C /* Build configuration list for PBXNativeTarget "BusInfoTests" */;
			buildPhases = (
				41B656921C51CFB500ADBD8C /* Sources */,
				41B656931C51CFB500ADBD8C /* Frameworks */,
				41B656941C51CFB500ADBD8C /* Resources */,
			);
			buildRules = (
			);
			dependencies = (
				41B656981C51CFB500ADBD8C /* PBXTargetDependency */,
			);
			name = BusInfoTests;
			productName = BusInfoTests;
			productReference = 41B656961C51CFB500ADBD8C /* BusInfoTests.xctest */;
			productType = "com.apple.product-type.bundle.unit-test";
		};
		41B656A01C51CFB500ADBD8C /* BusInfoUITests */ = {
			isa = PBXNativeTarget;
			buildConfigurationList = 41B656B01C51CFB500ADBD8C /* Build configuration list for PBXNativeTarget "BusInfoUITests" */;
			buildPhases = (
				41B6569D1C51CFB500ADBD8C /* Sources */,
				41B6569E1C51CFB500ADBD8C /* Frameworks */,
				41B6569F1C51CFB500ADBD8C /* Resources */,
			);
			buildRules = (
			);
			dependencies = (
				41B656A31C51CFB500ADBD8C /* PBXTargetDependency */,
			);
			name = BusInfoUITests;
			productName = BusInfoUITests;
			productReference = 41B656A11C51CFB500ADBD8C /* BusInfoUITests.xctest */;
			productType = "com.apple.product-type.bundle.ui-testing";
		};
/* End PBXNativeTarget section */

/* Begin PBXProject section */
		41B656751C51CFB500ADBD8C /* Project object */ = {
			isa = PBXProject;
			attributes = {
				LastUpgradeCheck = 0720;
				ORGANIZATIONNAME = Yiqiao;
				TargetAttributes = {
					41B6567C1C51CFB500ADBD8C = {
						CreatedOnToolsVersion = 7.2;
						DevelopmentTeam = AMLCDUV3ML;
					};
					41B656951C51CFB500ADBD8C = {
						CreatedOnToolsVersion = 7.2;
						DevelopmentTeam = AMLCDUV3ML;
						TestTargetID = 41B6567C1C51CFB500ADBD8C;
					};
					41B656A01C51CFB500ADBD8C = {
						CreatedOnToolsVersion = 7.2;
						DevelopmentTeam = AMLCDUV3ML;
						TestTargetID = 41B6567C1C51CFB500ADBD8C;
					};
				};
			};
			buildConfigurationList = 41B656781C51CFB500ADBD8C /* Build configuration list for PBXProject "BusInfo" */;
			compatibilityVersion = "Xcode 3.2";
			developmentRegion = English;
			hasScannedForEncodings = 0;
			knownRegions = (
				en,
				Base,
			);
			mainGroup = 41B656741C51CFB500ADBD8C;
			productRefGroup = 41B6567E1C51CFB500ADBD8C /* Products */;
			projectDirPath = "";
			projectRoot = "";
			targets = (
				41B6567C1C51CFB500ADBD8C /* BusInfo */,
				41B656951C51CFB500ADBD8C /* BusInfoTests */,
				41B656A01C51CFB500ADBD8C /* BusInfoUITests */,
			);
		};
/* End PBXProject section */

/* Begin PBXResourcesBuildPhase section */
		41B6567B1C51CFB500ADBD8C /* Resources */ = {
			isa = PBXResourcesBuildPhase;
			buildActionMask = 2147483647;
			files = (
				41B656901C51CFB500ADBD8C /* LaunchScreen.storyboard in Resources */,
				41B6568D1C51CFB500ADBD8C /* Assets.xcassets in Resources */,
				41B6568B1C51CFB500ADBD8C /* Main.storyboard in Resources */,
			);
			runOnlyForDeploymentPostprocessing = 0;
		};
		41B656941C51CFB500ADBD8C /* Resources */ = {
			isa = PBXResourcesBuildPhase;
			buildActionMask = 2147483647;
			files = (
			);
			runOnlyForDeploymentPostprocessing = 0;
		};
		41B6569F1C51CFB500ADBD8C /* Resources */ = {
			isa = PBXResourcesBuildPhase;
			buildActionMask = 2147483647;
			files = (
			);
			runOnlyForDeploymentPostprocessing = 0;
		};
/* End PBXResourcesBuildPhase section */

/* Begin PBXSourcesBuildPhase section */
		41B656791C51CFB500ADBD8C /* Sources */ = {
			isa = PBXSourcesBuildPhase;
			buildActionMask = 2147483647;
			files = (
				41B656881C51CFB500ADBD8C /* ViewController.m in Sources */,
				41B656851C51CFB500ADBD8C /* AppDelegate.m in Sources */,
				41B656821C51CFB500ADBD8C /* main.m in Sources */,
			);
			runOnlyForDeploymentPostprocessing = 0;
		};
		41B656921C51CFB500ADBD8C /* Sources */ = {
			isa = PBXSourcesBuildPhase;
			buildActionMask = 2147483647;
			files = (
				41B6569B1C51CFB500ADBD8C /* BusInfoTests.m in Sources */,
			);
			runOnlyForDeploymentPostprocessing = 0;
		};
		41B6569D1C51CFB500ADBD8C /* Sources */ = {
			isa = PBXSourcesBuildPhase;
			buildActionMask = 2147483647;
			files = (
				41B656A61C51CFB500ADBD8C /* BusInfoUITests.m in Sources */,
			);
			runOnlyForDeploymentPostprocessing = 0;
		};
/* End PBXSourcesBuildPhase section */

/* Begin PBXTargetDependency section */
		41B656981C51CFB500ADBD8C /* PBXTargetDependency */ = {
			isa = PBXTargetDependency;
			target = 41B6567C1C51CFB500ADBD8C /* BusInfo */;
			targetProxy = 41B656971C51CFB500ADBD8C /* PBXContainerItemProxy */;
		};
		41B656A31C51CFB500ADBD8C /* PBXTargetDependency */ = {
			isa = PBXTargetDependency;
			target = 41B6567C1C51CFB500ADBD8C /* BusInfo */;
			targetProxy = 41B656A21C51CFB500ADBD8C /* PBXContainerItemProxy */;
		};
/* End PBXTargetDependency section */

/* Begin PBXVariantGroup section */
		41B656891C51CFB500ADBD8C /* Main.storyboard */ = {
			isa = PBXVariantGroup;
			children = (
				41B6568A1C51CFB500ADBD8C /* Base */,
			);
			name = Main.storyboard;
			sourceTree = "<group>";
		};
		41B6568E1C51CFB500ADBD8C /* LaunchScreen.storyboard */ = {
			isa = PBXVariantGroup;
			children = (
				41B6568F1C51CFB500ADBD8C /* Base */,
			);
			name = LaunchScreen.storyboard;
			sourceTree = "<group>";
		};
/* End PBXVariantGroup section */

/* Begin XCBuildConfiguration section */
		41B656A81C51CFB500ADBD8C /* Debug */ = {
			isa = XCBuildConfiguration;
			buildSettings = {
				ALWAYS_SEARCH_USER_PATHS = NO;
				CLANG_CXX_LANGUAGE_STANDARD = "gnu++0x";
				CLANG_CXX_LIBRARY = "libc++";
				CLANG_ENABLE_MODULES = YES;
				CLANG_ENABLE_OBJC_ARC = YES;
				CLANG_WARN_BOOL_CONVERSION = YES;
				CLANG_WARN_CONSTANT_CONVERSION = YES;
				CLANG_WARN_DIRECT_OBJC_ISA_USAGE = YES_ERROR;
				CLANG_WARN_EMPTY_BODY = YES;
				CLANG_WARN_ENUM_CONVERSION = YES;
				CLANG_WARN_INT_CONVERSION = YES;
				CLANG_WARN_OBJC_ROOT_CLASS = YES_ERROR;
				CLANG_WARN_UNREACHABLE_CODE = YES;
				CLANG_WARN__DUPLICATE_METHOD_MATCH = YES;
				"CODE_SIGN_IDENTITY[sdk=iphoneos*]" = "iPhone Developer";
				COPY_PHASE_STRIP = NO;
				DEBUG_INFORMATION_FORMAT = dwarf;
				ENABLE_STRICT_OBJC_MSGSEND = YES;
				ENABLE_TESTABILITY = YES;
				GCC_C_LANGUAGE_STANDARD = gnu99;
				GCC_DYNAMIC_NO_PIC = NO;
				GCC_NO_COMMON_BLOCKS = YES;
				GCC_OPTIMIZATION_LEVEL = 0;
				GCC_PREPROCESSOR_DEFINITIONS = (
					"DEBUG=1",
					"$(inherited)",
				);
				GCC_WARN_64_TO_32_BIT_CONVERSION = YES;
				GCC_WARN_ABOUT_RETURN_TYPE = YES_ERROR;
				GCC_WARN_UNDECLARED_SELECTOR = YES;
				GCC_WARN_UNINITIALIZED_AUTOS = YES_AGGRESSIVE;
				GCC_WARN_UNUSED_FUNCTION = YES;
				GCC_WARN_UNUSED_VARIABLE = YES;
				IPHONEOS_DEPLOYMENT_TARGET = 9.2;
				MTL_ENABLE_DEBUG_INFO = YES;
				ONLY_ACTIVE_ARCH = YES;
				SDKROOT = iphoneos;
				TARGETED_DEVICE_FAMILY = "1,2";
			};
			name = Debug;
		};
		41B656A91C51CFB500ADBD8C /* Release */ = {
			isa = XCBuildConfiguration;
			buildSettings = {
				ALWAYS_SEARCH_USER_PATHS = NO;
				CLANG_CXX_LANGUAGE_STANDARD = "gnu++0x";
				CLANG_CXX_LIBRARY = "libc++";
				CLANG_ENABLE_MODULES = YES;
				CLANG_ENABLE_OBJC_ARC = YES;
				CLANG_WARN_BOOL_CONVERSION = YES;
				CLANG_WARN_CONSTANT_CONVERSION = YES;
				CLANG_WARN_DIRECT_OBJC_ISA_USAGE = YES_ERROR;
				CLANG_WARN_EMPTY_BODY = YES;
				CLANG_WARN_ENUM_CONVERSION = YES;
				CLANG_WARN_INT_CONVERSION = YES;
				CLANG_WARN_OBJC_ROOT_CLASS = YES_ERROR;
				CLANG_WARN_UNREACHABLE_CODE = YES;
				CLANG_WARN__DUPLICATE_METHOD_MATCH = YES;
				"CODE_SIGN_IDENTITY[sdk=iphoneos*]" = "iPhone Developer";
				COPY_PHASE_STRIP = NO;
				DEBUG_INFORMATION_FORMAT = "dwarf-with-dsym";
				ENABLE_NS_ASSERTIONS = NO;
				ENABLE_STRICT_OBJC_MSGSEND = YES;
				GCC_C_LANGUAGE_STANDARD = gnu99;
				GCC_NO_COMMON_BLOCKS = YES;
				GCC_WARN_64_TO_32_BIT_CONVERSION = YES;
				GCC_WARN_ABOUT_RETURN_TYPE = YES_ERROR;
				GCC_WARN_UNDECLARED_SELECTOR = YES;
				GCC_WARN_UNINITIALIZED_AUTOS = YES_AGGRESSIVE;
				GCC_WARN_UNUSED_FUNCTION = YES;
				GCC_WARN_UNUSED_VARIABLE = YES;
				IPHONEOS_DEPLOYMENT_TARGET = 9.2;
				MTL_ENABLE_DEBUG_INFO = NO;
				SDKROOT = iphoneos;
				TARGETED_DEVICE_FAMILY = "1,2";
				VALIDATE_PRODUCT = YES;
			};
			name = Release;
		};
		41B656AB1C51CFB500ADBD8C /* Debug */ = {
			isa = XCBuildConfiguration;
			buildSettings = {
				ASSETCATALOG_COMPILER_APPICON_NAME = AppIcon;
				INFOPLIST_FILE = BusInfo/Info.plist;
				LD_RUNPATH_SEARCH_PATHS = "$(inherited) @executable_path/Frameworks";
				PRODUCT_BUNDLE_IDENTIFIER = "Yiqiao-iOS.BusInfo";
				PRODUCT_NAME = "$(TARGET_NAME)";
			};
			name = Debug;
		};
		41B656AC1C51CFB500ADBD8C /* Release */ = {
			isa = XCBuildConfiguration;
			buildSettings = {
				ASSETCATALOG_COMPILER_APPICON_NAME = AppIcon;
				INFOPLIST_FILE = BusInfo/Info.plist;
				LD_RUNPATH_SEARCH_PATHS = "$(inherited) @executable_path/Frameworks";
				PRODUCT_BUNDLE_IDENTIFIER = "Yiqiao-iOS.BusInfo";
				PRODUCT_NAME = "$(TARGET_NAME)";
			};
			name = Release;
		};
		41B656AE1C51CFB500ADBD8C /* Debug */ = {
			isa = XCBuildConfiguration;
			buildSettings = {
				BUNDLE_LOADER = "$(TEST_HOST)";
				INFOPLIST_FILE = BusInfoTests/Info.plist;
				LD_RUNPATH_SEARCH_PATHS = "$(inherited) @executable_path/Frameworks @loader_path/Frameworks";
				PRODUCT_BUNDLE_IDENTIFIER = "Yiqiao-iOS.BusInfoTests";
				PRODUCT_NAME = "$(TARGET_NAME)";
				TEST_HOST = "$(BUILT_PRODUCTS_DIR)/BusInfo.app/BusInfo";
			};
			name = Debug;
		};
		41B656AF1C51CFB500ADBD8C /* Release */ = {
			isa = XCBuildConfiguration;
			buildSettings = {
				BUNDLE_LOADER = "$(TEST_HOST)";
				INFOPLIST_FILE = BusInfoTests/Info.plist;
				LD_RUNPATH_SEARCH_PATHS = "$(inherited) @executable_path/Frameworks @loader_path/Frameworks";
				PRODUCT_BUNDLE_IDENTIFIER = "Yiqiao-iOS.BusInfoTests";
				PRODUCT_NAME = "$(TARGET_NAME)";
				TEST_HOST = "$(BUILT_PRODUCTS_DIR)/BusInfo.app/BusInfo";
			};
			name = Release;
		};
		41B656B11C51CFB500ADBD8C /* Debug */ = {
			isa = XCBuildConfiguration;
			buildSettings = {
				INFOPLIST_FILE = BusInfoUITests/Info.plist;
				LD_RUNPATH_SEARCH_PATHS = "$(inherited) @executable_path/Frameworks @loader_path/Frameworks";
				PRODUCT_BUNDLE_IDENTIFIER = "Yiqiao-iOS.BusInfoUITests";
				PRODUCT_NAME = "$(TARGET_NAME)";
				TEST_TARGET_NAME = BusInfo;
				USES_XCTRUNNER = YES;
			};
			name = Debug;
		};
		41B656B21C51CFB500ADBD8C /* Release */ = {
			isa = XCBuildConfiguration;
			buildSettings = {
				INFOPLIST_FILE = BusInfoUITests/Info.plist;
				LD_RUNPATH_SEARCH_PATHS = "$(inherited) @executable_path/Frameworks @loader_path/Frameworks";
				PRODUCT_BUNDLE_IDENTIFIER = "Yiqiao-iOS.BusInfoUITests";
				PRODUCT_NAME = "$(TARGET_NAME)";
				TEST_TARGET_NAME = BusInfo;
				USES_XCTRUNNER = YES;
			};
			name = Release;
		};
/* End XCBuildConfiguration section */

/* Begin XCConfigurationList section */
		41B656781C51CFB500ADBD8C /* Build configuration list for PBXProject "BusInfo" */ = {
			isa = XCConfigurationList;
			buildConfigurations = (
				41B656A81C51CFB500ADBD8C /* Debug */,
				41B656A91C51CFB500ADBD8C /* Release */,
			);
			defaultConfigurationIsVisible = 0;
			defaultConfigurationName = Release;
		};
		41B656AA1C51CFB500ADBD8C /* Build configuration list for PBXNativeTarget "BusInfo" */ = {
			isa = XCConfigurationList;
			buildConfigurations = (
				41B656AB1C51CFB500ADBD8C /* Debug */,
				41B656AC1C51CFB500ADBD8C /* Release */,
			);
			defaultConfigurationIsVisible = 0;
		};
		41B656AD1C51CFB500ADBD8C /* Build configuration list for PBXNativeTarget "BusInfoTests" */ = {
			isa = XCConfigurationList;
			buildConfigurations = (
				41B656AE1C51CFB500ADBD8C /* Debug */,
				41B656AF1C51CFB500ADBD8C /* Release */,
			);
			defaultConfigurationIsVisible = 0;
		};
		41B656B01C51CFB500ADBD8C /* Build configuration list for PBXNativeTarget "BusInfoUITests" */ = {
			isa = XCConfigurationList;
			buildConfigurations = (
				41B656B11C51CFB500ADBD8C /* Debug */,
				41B656B21C51CFB500ADBD8C /* Release */,
			);
			defaultConfigurationIsVisible = 0;
		};
/* End XCConfigurationList section */
	};
	rootObject = 41B656751C51CFB500ADBD8C /* Project object */;
}
